{
  "name": "game-terminal",
  "lockfileVersion": 2,
  "requires": true,
  "packages": {
    "": {
      "dependencies": {
        "reblessed": "^0.1.84"
      }
    },
    "node_modules/reblessed": {
      "version": "0.1.84",
      "resolved": "https://registry.npmjs.org/reblessed/-/reblessed-0.1.84.tgz",
      "integrity": "sha512-v+eSxaCLwNYCThE0LKcX3IIabLh+zVKIKH+yBxuR0e0KfugoHaNKoP3LoXvKvhHGgVqPdqU4HuAVx/ZVzhqOJw==",
      "bin": {
        "reblessed": "bin/tput.js"
      },
      "engines": {
        "node": ">= 8.10"
      }
    }
  },
  "dependencies": {
    "reblessed": {
      "version": "0.1.84",
      "resolved": "https://registry.npmjs.org/reblessed/-/reblessed-0.1.84.tgz",
      "integrity": "sha512-v+eSxaCLwNYCThE0LKcX3IIabLh+zVKIKH+yBxuR0e0KfugoHaNKoP3LoXvKvhHGgVqPdqU4HuAVx/ZVzhqOJw=="
    }
  }
}
